// !$*UTF8*$!
{
	archiveVersion = 1;
	classes = {
	};
	objectVersion = 46;
	objects = {

/* Begin PBXBuildFile section */
		870ABF5019BC8037001B7D2E /* Foundation.framework in Frameworks */ = {isa = PBXBuildFile; fileRef = 870ABF4F19BC8037001B7D2E /* Foundation.framework */; };
		870ABF5219BC8037001B7D2E /* CoreGraphics.framework in Frameworks */ = {isa = PBXBuildFile; fileRef = 870ABF5119BC8037001B7D2E /* CoreGraphics.framework */; };
		870ABF5419BC8037001B7D2E /* UIKit.framework in Frameworks */ = {isa = PBXBuildFile; fileRef = 870ABF5319BC8037001B7D2E /* UIKit.framework */; };
		870ABF5A19BC8037001B7D2E /* InfoPlist.strings in Resources */ = {isa = PBXBuildFile; fileRef = 870ABF5819BC8037001B7D2E /* InfoPlist.strings */; };
		870ABF5C19BC8037001B7D2E /* main.m in Sources */ = {isa = PBXBuildFile; fileRef = 870ABF5B19BC8037001B7D2E /* main.m */; };
		870ABF6019BC8037001B7D2E /* AppDelegate.m in Sources */ = {isa = PBXBuildFile; fileRef = 870ABF5F19BC8037001B7D2E /* AppDelegate.m */; };
		870ABF6319BC8037001B7D2E /* Main.storyboard in Resources */ = {isa = PBXBuildFile; fileRef = 870ABF6119BC8037001B7D2E /* Main.storyboard */; };
		870ABF6819BC8038001B7D2E /* Images.xcassets in Resources */ = {isa = PBXBuildFile; fileRef = 870ABF6719BC8038001B7D2E /* Images.xcassets */; };
		870ABF6F19BC8038001B7D2E /* XCTest.framework in Frameworks */ = {isa = PBXBuildFile; fileRef = 870ABF6E19BC8038001B7D2E /* XCTest.framework */; };
		870ABF7019BC8038001B7D2E /* Foundation.framework in Frameworks */ = {isa = PBXBuildFile; fileRef = 870ABF4F19BC8037001B7D2E /* Foundation.framework */; };
		870ABF7119BC8038001B7D2E /* UIKit.framework in Frameworks */ = {isa = PBXBuildFile; fileRef = 870ABF5319BC8037001B7D2E /* UIKit.framework */; };
		870ABF7919BC8038001B7D2E /* InfoPlist.strings in Resources */ = {isa = PBXBuildFile; fileRef = 870ABF7719BC8038001B7D2E /* InfoPlist.strings */; };
		870ABF7B19BC8038001B7D2E /* BusLondonTests.m in Sources */ = {isa = PBXBuildFile; fileRef = 870ABF7A19BC8038001B7D2E /* BusLondonTests.m */; };
		870ABF8619BC8334001B7D2E /* NearStopsViewController.m in Sources */ = {isa = PBXBuildFile; fileRef = 870ABF8519BC8334001B7D2E /* NearStopsViewController.m */; };
		870ABF8B19BC885A001B7D2E /* Stop.m in Sources */ = {isa = PBXBuildFile; fileRef = 870ABF8A19BC885A001B7D2E /* Stop.m */; };
		871D6AC719BF3129005EBF7A /* CoreLocation.framework in Frameworks */ = {isa = PBXBuildFile; fileRef = 871D6AC619BF3129005EBF7A /* CoreLocation.framework */; };
		87588D901A07C2CA00242141 /* Bus.m in Sources */ = {isa = PBXBuildFile; fileRef = 87588D8F1A07C2CA00242141 /* Bus.m */; };
		8787CFF01A02CCC300332808 /* StopViewController.m in Sources */ = {isa = PBXBuildFile; fileRef = 8787CFEF1A02CCC300332808 /* StopViewController.m */; };
		8787CFF31A02CCF300332808 /* BusViewCell.m in Sources */ = {isa = PBXBuildFile; fileRef = 8787CFF21A02CCF300332808 /* BusViewCell.m */; };
		8790B26919C1C68B00BC1D63 /* redStopPointIndicator@2x.png in Resources */ = {isa = PBXBuildFile; fileRef = 8790B26819C1C68B00BC1D63 /* redStopPointIndicator@2x.png */; };
		8790B26F19C1C92B00BC1D63 /* StopViewCell.m in Sources */ = {isa = PBXBuildFile; fileRef = 8790B26E19C1C92B00BC1D63 /* StopViewCell.m */; };
/* End PBXBuildFile section */

/* Begin PBXContainerItemProxy section */
		870ABF7219BC8038001B7D2E /* PBXContainerItemProxy */ = {
			isa = PBXContainerItemProxy;
			containerPortal = 870ABF4419BC8037001B7D2E /* Project object */;
			proxyType = 1;
			remoteGlobalIDString = 870ABF4B19BC8037001B7D2E;
			remoteInfo = BusLondon;
		};
/* End PBXContainerItemProxy section */

/* Begin PBXFileReference section */
		870ABF4C19BC8037001B7D2E /* BusLondon.app */ = {isa = PBXFileReference; explicitFileType = wrapper.application; includeInIndex = 0; path = BusLondon.app; sourceTree = BUILT_PRODUCTS_DIR; };
		870ABF4F19BC8037001B7D2E /* Foundation.framework */ = {isa = PBXFileReference; lastKnownFileType = wrapper.framework; name = Foundation.framework; path = System/Library/Frameworks/Foundation.framework; sourceTree = SDKROOT; };
		870ABF5119BC8037001B7D2E /* CoreGraphics.framework */ = {isa = PBXFileReference; lastKnownFileType = wrapper.framework; name = CoreGraphics.framework; path = System/Library/Frameworks/CoreGraphics.framework; sourceTree = SDKROOT; };
		870ABF5319BC8037001B7D2E /* UIKit.framework */ = {isa = PBXFileReference; lastKnownFileType = wrapper.framework; name = UIKit.framework; path = System/Library/Frameworks/UIKit.framework; sourceTree = SDKROOT; };
		870ABF5719BC8037001B7D2E /* BusLondon-Info.plist */ = {isa = PBXFileReference; lastKnownFileType = text.plist.xml; path = "BusLondon-Info.plist"; sourceTree = "<group>"; };
		870ABF5919BC8037001B7D2E /* en */ = {isa = PBXFileReference; lastKnownFileType = text.plist.strings; name = en; path = en.lproj/InfoPlist.strings; sourceTree = "<group>"; };
		870ABF5B19BC8037001B7D2E /* main.m */ = {isa = PBXFileReference; lastKnownFileType = sourcecode.c.objc; path = main.m; sourceTree = "<group>"; };
		870ABF5D19BC8037001B7D2E /* BusLondon-Prefix.pch */ = {isa = PBXFileReference; lastKnownFileType = sourcecode.c.h; path = "BusLondon-Prefix.pch"; sourceTree = "<group>"; };
		870ABF5E19BC8037001B7D2E /* AppDelegate.h */ = {isa = PBXFileReference; lastKnownFileType = sourcecode.c.h; path = AppDelegate.h; sourceTree = "<group>"; };
		870ABF5F19BC8037001B7D2E /* AppDelegate.m */ = {isa = PBXFileReference; lastKnownFileType = sourcecode.c.objc; path = AppDelegate.m; sourceTree = "<group>"; };
		870ABF6219BC8037001B7D2E /* Base */ = {isa = PBXFileReference; lastKnownFileType = file.storyboard; name = Base; path = Base.lproj/Main.storyboard; sourceTree = "<group>"; };
		870ABF6719BC8038001B7D2E /* Images.xcassets */ = {isa = PBXFileReference; lastKnownFileType = folder.assetcatalog; path = Images.xcassets; sourceTree = "<group>"; };
		870ABF6D19BC8038001B7D2E /* BusLondonTests.xctest */ = {isa = PBXFileReference; explicitFileType = wrapper.cfbundle; includeInIndex = 0; path = BusLondonTests.xctest; sourceTree = BUILT_PRODUCTS_DIR; };
		870ABF6E19BC8038001B7D2E /* XCTest.framework */ = {isa = PBXFileReference; lastKnownFileType = wrapper.framework; name = XCTest.framework; path = Library/Frameworks/XCTest.framework; sourceTree = DEVELOPER_DIR; };
		870ABF7619BC8038001B7D2E /* BusLondonTests-Info.plist */ = {isa = PBXFileReference; lastKnownFileType = text.plist.xml; path = "BusLondonTests-Info.plist"; sourceTree = "<group>"; };
		870ABF7819BC8038001B7D2E /* en */ = {isa = PBXFileReference; lastKnownFileType = text.plist.strings; name = en; path = en.lproj/InfoPlist.strings; sourceTree = "<group>"; };
		870ABF7A19BC8038001B7D2E /* BusLondonTests.m */ = {isa = PBXFileReference; lastKnownFileType = sourcecode.c.objc; path = BusLondonTests.m; sourceTree = "<group>"; };
		870ABF8419BC8334001B7D2E /* NearStopsViewController.h */ = {isa = PBXFileReference; fileEncoding = 4; lastKnownFileType = sourcecode.c.h; path = NearStopsViewController.h; sourceTree = "<group>"; };
		870ABF8519BC8334001B7D2E /* NearStopsViewController.m */ = {isa = PBXFileReference; fileEncoding = 4; lastKnownFileType = sourcecode.c.objc; path = NearStopsViewController.m; sourceTree = "<group>"; };
		870ABF8919BC885A001B7D2E /* Stop.h */ = {isa = PBXFileReference; fileEncoding = 4; lastKnownFileType = sourcecode.c.h; path = Stop.h; sourceTree = "<group>"; };
		870ABF8A19BC885A001B7D2E /* Stop.m */ = {isa = PBXFileReference; fileEncoding = 4; lastKnownFileType = sourcecode.c.objc; path = Stop.m; sourceTree = "<group>"; };
		871D6AC519BF2CC1005EBF7A /* Constants.h */ = {isa = PBXFileReference; lastKnownFileType = sourcecode.c.h; path = Constants.h; sourceTree = "<group>"; };
		871D6AC619BF3129005EBF7A /* CoreLocation.framework */ = {isa = PBXFileReference; lastKnownFileType = wrapper.framework; name = CoreLocation.framework; path = System/Library/Frameworks/CoreLocation.framework; sourceTree = SDKROOT; };
		87588D8E1A07C2CA00242141 /* Bus.h */ = {isa = PBXFileReference; fileEncoding = 4; lastKnownFileType = sourcecode.c.h; path = Bus.h; sourceTree = "<group>"; };
		87588D8F1A07C2CA00242141 /* Bus.m */ = {isa = PBXFileReference; fileEncoding = 4; lastKnownFileType = sourcecode.c.objc; path = Bus.m; sourceTree = "<group>"; };
		87588D911A07CF6300242141 /* es */ = {isa = PBXFileReference; lastKnownFileType = text.plist.strings; name = es; path = es.lproj/Main.strings; sourceTree = "<group>"; };
		8787CFEE1A02CCC300332808 /* StopViewController.h */ = {isa = PBXFileReference; fileEncoding = 4; lastKnownFileType = sourcecode.c.h; path = StopViewController.h; sourceTree = "<group>"; };
		8787CFEF1A02CCC300332808 /* StopViewController.m */ = {isa = PBXFileReference; fileEncoding = 4; lastKnownFileType = sourcecode.c.objc; path = StopViewController.m; sourceTree = "<group>"; };
		8787CFF11A02CCF300332808 /* BusViewCell.h */ = {isa = PBXFileReference; fileEncoding = 4; lastKnownFileType = sourcecode.c.h; path = BusViewCell.h; sourceTree = "<group>"; };
		8787CFF21A02CCF300332808 /* BusViewCell.m */ = {isa = PBXFileReference; fileEncoding = 4; lastKnownFileType = sourcecode.c.objc; path = BusViewCell.m; sourceTree = "<group>"; };
		8790B26819C1C68B00BC1D63 /* redStopPointIndicator@2x.png */ = {isa = PBXFileReference; lastKnownFileType = image.png; path = "redStopPointIndicator@2x.png"; sourceTree = "<group>"; };
		8790B26D19C1C92B00BC1D63 /* StopViewCell.h */ = {isa = PBXFileReference; fileEncoding = 4; lastKnownFileType = sourcecode.c.h; path = StopViewCell.h; sourceTree = "<group>"; };
		8790B26E19C1C92B00BC1D63 /* StopViewCell.m */ = {isa = PBXFileReference; fileEncoding = 4; lastKnownFileType = sourcecode.c.objc; path = StopViewCell.m; sourceTree = "<group>"; };
/* End PBXFileReference section */

/* Begin PBXFrameworksBuildPhase section */
		870ABF4919BC8037001B7D2E /* Frameworks */ = {
			isa = PBXFrameworksBuildPhase;
			buildActionMask = 2147483647;
			files = (
				871D6AC719BF3129005EBF7A /* CoreLocation.framework in Frameworks */,
				870ABF5219BC8037001B7D2E /* CoreGraphics.framework in Frameworks */,
				870ABF5419BC8037001B7D2E /* UIKit.framework in Frameworks */,
				870ABF5019BC8037001B7D2E /* Foundation.framework in Frameworks */,
			);
			runOnlyForDeploymentPostprocessing = 0;
		};
		870ABF6A19BC8038001B7D2E /* Frameworks */ = {
			isa = PBXFrameworksBuildPhase;
			buildActionMask = 2147483647;
			files = (
				870ABF6F19BC8038001B7D2E /* XCTest.framework in Frameworks */,
				870ABF7119BC8038001B7D2E /* UIKit.framework in Frameworks */,
				870ABF7019BC8038001B7D2E /* Foundation.framework in Frameworks */,
			);
			runOnlyForDeploymentPostprocessing = 0;
		};
/* End PBXFrameworksBuildPhase section */

/* Begin PBXGroup section */
		870ABF4319BC8037001B7D2E = {
			isa = PBXGroup;
			children = (
				870ABF5519BC8037001B7D2E /* BusLondon */,
				870ABF7419BC8038001B7D2E /* BusLondonTests */,
				870ABF4E19BC8037001B7D2E /* Frameworks */,
				870ABF4D19BC8037001B7D2E /* Products */,
			);
			sourceTree = "<group>";
		};
		870ABF4D19BC8037001B7D2E /* Products */ = {
			isa = PBXGroup;
			children = (
				870ABF4C19BC8037001B7D2E /* BusLondon.app */,
				870ABF6D19BC8038001B7D2E /* BusLondonTests.xctest */,
			);
			name = Products;
			sourceTree = "<group>";
		};
		870ABF4E19BC8037001B7D2E /* Frameworks */ = {
			isa = PBXGroup;
			children = (
				871D6AC619BF3129005EBF7A /* CoreLocation.framework */,
				870ABF4F19BC8037001B7D2E /* Foundation.framework */,
				870ABF5119BC8037001B7D2E /* CoreGraphics.framework */,
				870ABF5319BC8037001B7D2E /* UIKit.framework */,
				870ABF6E19BC8038001B7D2E /* XCTest.framework */,
			);
			name = Frameworks;
			sourceTree = "<group>";
		};
		870ABF5519BC8037001B7D2E /* BusLondon */ = {
			isa = PBXGroup;
			children = (
				8790B26719C1C4BD00BC1D63 /* Images */,
				870ABF8819BC85B2001B7D2E /* Models */,
				870ABF8719BC859C001B7D2E /* Controllers */,
				870ABF6119BC8037001B7D2E /* Main.storyboard */,
				870ABF6719BC8038001B7D2E /* Images.xcassets */,
				870ABF5619BC8037001B7D2E /* Supporting Files */,
			);
			path = BusLondon;
			sourceTree = "<group>";
		};
		870ABF5619BC8037001B7D2E /* Supporting Files */ = {
			isa = PBXGroup;
			children = (
				870ABF5719BC8037001B7D2E /* BusLondon-Info.plist */,
				870ABF5819BC8037001B7D2E /* InfoPlist.strings */,
				870ABF5B19BC8037001B7D2E /* main.m */,
				870ABF5D19BC8037001B7D2E /* BusLondon-Prefix.pch */,
			);
			name = "Supporting Files";
			sourceTree = "<group>";
		};
		870ABF7419BC8038001B7D2E /* BusLondonTests */ = {
			isa = PBXGroup;
			children = (
				870ABF7A19BC8038001B7D2E /* BusLondonTests.m */,
				870ABF7519BC8038001B7D2E /* Supporting Files */,
			);
			path = BusLondonTests;
			sourceTree = "<group>";
		};
		870ABF7519BC8038001B7D2E /* Supporting Files */ = {
			isa = PBXGroup;
			children = (
				870ABF7619BC8038001B7D2E /* BusLondonTests-Info.plist */,
				870ABF7719BC8038001B7D2E /* InfoPlist.strings */,
			);
			name = "Supporting Files";
			sourceTree = "<group>";
		};
		870ABF8719BC859C001B7D2E /* Controllers */ = {
			isa = PBXGroup;
			children = (
				870ABF5E19BC8037001B7D2E /* AppDelegate.h */,
				870ABF5F19BC8037001B7D2E /* AppDelegate.m */,
				870ABF8419BC8334001B7D2E /* NearStopsViewController.h */,
				870ABF8519BC8334001B7D2E /* NearStopsViewController.m */,
				8790B26D19C1C92B00BC1D63 /* StopViewCell.h */,
				8790B26E19C1C92B00BC1D63 /* StopViewCell.m */,
				8787CFEE1A02CCC300332808 /* StopViewController.h */,
				8787CFEF1A02CCC300332808 /* StopViewController.m */,
				8787CFF11A02CCF300332808 /* BusViewCell.h */,
				8787CFF21A02CCF300332808 /* BusViewCell.m */,
			);
			name = Controllers;
			sourceTree = "<group>";
		};
		870ABF8819BC85B2001B7D2E /* Models */ = {
			isa = PBXGroup;
			children = (
				870ABF8919BC885A001B7D2E /* Stop.h */,
				870ABF8A19BC885A001B7D2E /* Stop.m */,
				871D6AC519BF2CC1005EBF7A /* Constants.h */,
				87588D8E1A07C2CA00242141 /* Bus.h */,
				87588D8F1A07C2CA00242141 /* Bus.m */,
			);
			name = Models;
			sourceTree = "<group>";
		};
		8790B26719C1C4BD00BC1D63 /* Images */ = {
			isa = PBXGroup;
			children = (
				8790B26819C1C68B00BC1D63 /* redStopPointIndicator@2x.png */,
			);
			name = Images;
			sourceTree = "<group>";
		};
/* End PBXGroup section */

/* Begin PBXNativeTarget section */
		870ABF4B19BC8037001B7D2E /* BusLondon */ = {
			isa = PBXNativeTarget;
			buildConfigurationList = 870ABF7E19BC8038001B7D2E /* Build configuration list for PBXNativeTarget "BusLondon" */;
			buildPhases = (
				870ABF4819BC8037001B7D2E /* Sources */,
				870ABF4919BC8037001B7D2E /* Frameworks */,
				870ABF4A19BC8037001B7D2E /* Resources */,
			);
			buildRules = (
			);
			dependencies = (
			);
			name = BusLondon;
			productName = BusLondon;
			productReference = 870ABF4C19BC8037001B7D2E /* BusLondon.app */;
			productType = "com.apple.product-type.application";
		};
		870ABF6C19BC8038001B7D2E /* BusLondonTests */ = {
			isa = PBXNativeTarget;
			buildConfigurationList = 870ABF8119BC8038001B7D2E /* Build configuration list for PBXNativeTarget "BusLondonTests" */;
			buildPhases = (
				870ABF6919BC8038001B7D2E /* Sources */,
				870ABF6A19BC8038001B7D2E /* Frameworks */,
				870ABF6B19BC8038001B7D2E /* Resources */,
			);
			buildRules = (
			);
			dependencies = (
				870ABF7319BC8038001B7D2E /* PBXTargetDependency */,
			);
			name = BusLondonTests;
			productName = BusLondonTests;
			productReference = 870ABF6D19BC8038001B7D2E /* BusLondonTests.xctest */;
			productType = "com.apple.product-type.bundle.unit-test";
		};
/* End PBXNativeTarget section */

/* Begin PBXProject section */
		870ABF4419BC8037001B7D2E /* Project object */ = {
			isa = PBXProject;
			attributes = {
				LastUpgradeCheck = 0510;
				ORGANIZATIONNAME = "Rubén Albiach";
				TargetAttributes = {
					870ABF4B19BC8037001B7D2E = {
						DevelopmentTeam = 2R3P5YLY6U;
					};
					870ABF6C19BC8038001B7D2E = {
						TestTargetID = 870ABF4B19BC8037001B7D2E;
					};
				};
			};
			buildConfigurationList = 870ABF4719BC8037001B7D2E /* Build configuration list for PBXProject "BusLondon" */;
			compatibilityVersion = "Xcode 3.2";
			developmentRegion = English;
			hasScannedForEncodings = 0;
			knownRegions = (
				en,
				Base,
			);
			mainGroup = 870ABF4319BC8037001B7D2E;
			productRefGroup = 870ABF4D19BC8037001B7D2E /* Products */;
			projectDirPath = "";
			projectRoot = "";
			targets = (
				870ABF4B19BC8037001B7D2E /* BusLondon */,
				870ABF6C19BC8038001B7D2E /* BusLondonTests */,
			);
		};
/* End PBXProject section */

/* Begin PBXResourcesBuildPhase section */
		870ABF4A19BC8037001B7D2E /* Resources */ = {
			isa = PBXResourcesBuildPhase;
			buildActionMask = 2147483647;
			files = (
				870ABF6819BC8038001B7D2E /* Images.xcassets in Resources */,
				8790B26919C1C68B00BC1D63 /* redStopPointIndicator@2x.png in Resources */,
				870ABF5A19BC8037001B7D2E /* InfoPlist.strings in Resources */,
				870ABF6319BC8037001B7D2E /* Main.storyboard in Resources */,
			);
			runOnlyForDeploymentPostprocessing = 0;
		};
		870ABF6B19BC8038001B7D2E /* Resources */ = {
			isa = PBXResourcesBuildPhase;
			buildActionMask = 2147483647;
			files = (
				870ABF7919BC8038001B7D2E /* InfoPlist.strings in Resources */,
			);
			runOnlyForDeploymentPostprocessing = 0;
		};
/* End PBXResourcesBuildPhase section */

/* Begin PBXSourcesBuildPhase section */
		870ABF4819BC8037001B7D2E /* Sources */ = {
			isa = PBXSourcesBuildPhase;
			buildActionMask = 2147483647;
			files = (
				8790B26F19C1C92B00BC1D63 /* StopViewCell.m in Sources */,
				870ABF8B19BC885A001B7D2E /* Stop.m in Sources */,
				870ABF6019BC8037001B7D2E /* AppDelegate.m in Sources */,
				870ABF5C19BC8037001B7D2E /* main.m in Sources */,
				8787CFF01A02CCC300332808 /* StopViewController.m in Sources */,
				87588D901A07C2CA00242141 /* Bus.m in Sources */,
				8787CFF31A02CCF300332808 /* BusViewCell.m in Sources */,
				870ABF8619BC8334001B7D2E /* NearStopsViewController.m in Sources */,
			);
			runOnlyForDeploymentPostprocessing = 0;
		};
		870ABF6919BC8038001B7D2E /* Sources */ = {
			isa = PBXSourcesBuildPhase;
			buildActionMask = 2147483647;
			files = (
				870ABF7B19BC8038001B7D2E /* BusLondonTests.m in Sources */,
			);
			runOnlyForDeploymentPostprocessing = 0;
		};
/* End PBXSourcesBuildPhase section */

/* Begin PBXTargetDependency section */
		870ABF7319BC8038001B7D2E /* PBXTargetDependency */ = {
			isa = PBXTargetDependency;
			target = 870ABF4B19BC8037001B7D2E /* BusLondon */;
			targetProxy = 870ABF7219BC8038001B7D2E /* PBXContainerItemProxy */;
		};
/* End PBXTargetDependency section */

/* Begin PBXVariantGroup section */
		870ABF5819BC8037001B7D2E /* InfoPlist.strings */ = {
			isa = PBXVariantGroup;
			children = (
				870ABF5919BC8037001B7D2E /* en */,
			);
			name = InfoPlist.strings;
			sourceTree = "<group>";
		};
		870ABF6119BC8037001B7D2E /* Main.storyboard */ = {
			isa = PBXVariantGroup;
			children = (
				870ABF6219BC8037001B7D2E /* Base */,
				87588D911A07CF6300242141 /* es */,
			);
			name = Main.storyboard;
			sourceTree = "<group>";
		};
		870ABF7719BC8038001B7D2E /* InfoPlist.strings */ = {
			isa = PBXVariantGroup;
			children = (
				870ABF7819BC8038001B7D2E /* en */,
			);
			name = InfoPlist.strings;
			sourceTree = "<group>";
		};
/* End PBXVariantGroup section */

/* Begin XCBuildConfiguration section */
		870ABF7C19BC8038001B7D2E /* Debug */ = {
			isa = XCBuildConfiguration;
			buildSettings = {
				ALWAYS_SEARCH_USER_PATHS = NO;
				CLANG_CXX_LANGUAGE_STANDARD = "gnu++0x";
				CLANG_CXX_LIBRARY = "libc++";
				CLANG_ENABLE_MODULES = YES;
				CLANG_ENABLE_OBJC_ARC = YES;
				CLANG_WARN_BOOL_CONVERSION = YES;
				CLANG_WARN_CONSTANT_CONVERSION = YES;
				CLANG_WARN_DIRECT_OBJC_ISA_USAGE = YES_ERROR;
				CLANG_WARN_EMPTY_BODY = YES;
				CLANG_WARN_ENUM_CONVERSION = YES;
				CLANG_WARN_INT_CONVERSION = YES;
				CLANG_WARN_OBJC_ROOT_CLASS = YES_ERROR;
				CLANG_WARN__DUPLICATE_METHOD_MATCH = YES;
				"CODE_SIGN_IDENTITY[sdk=iphoneos*]" = "iPhone Developer";
				COPY_PHASE_STRIP = NO;
				GCC_C_LANGUAGE_STANDARD = gnu99;
				GCC_DYNAMIC_NO_PIC = NO;
				GCC_OPTIMIZATION_LEVEL = 0;
				GCC_PREPROCESSOR_DEFINITIONS = (
					"DEBUG=1",
					"$(inherited)",
				);
				GCC_SYMBOLS_PRIVATE_EXTERN = NO;
				GCC_WARN_64_TO_32_BIT_CONVERSION = YES;
				GCC_WARN_ABOUT_RETURN_TYPE = YES_ERROR;
				GCC_WARN_UNDECLARED_SELECTOR = YES;
				GCC_WARN_UNINITIALIZED_AUTOS = YES_AGGRESSIVE;
				GCC_WARN_UNUSED_FUNCTION = YES;
				GCC_WARN_UNUSED_VARIABLE = YES;
				IPHONEOS_DEPLOYMENT_TARGET = 7.0;
				ONLY_ACTIVE_ARCH = YES;
				SDKROOT = iphoneos;
			};
			name = Debug;
		};
		870ABF7D19BC8038001B7D2E /* Release */ = {
			isa = XCBuildConfiguration;
			buildSettings = {
				ALWAYS_SEARCH_USER_PATHS = NO;
				CLANG_CXX_LANGUAGE_STANDARD = "gnu++0x";
				CLANG_CXX_LIBRARY = "libc++";
				CLANG_ENABLE_MODULES = YES;
				CLANG_ENABLE_OBJC_ARC = YES;
				CLANG_WARN_BOOL_CONVERSION = YES;
				CLANG_WARN_CONSTANT_CONVERSION = YES;
				CLANG_WARN_DIRECT_OBJC_ISA_USAGE = YES_ERROR;
				CLANG_WARN_EMPTY_BODY = YES;
				CLANG_WARN_ENUM_CONVERSION = YES;
				CLANG_WARN_INT_CONVERSION = YES;
				CLANG_WARN_OBJC_ROOT_CLASS = YES_ERROR;
				CLANG_WARN__DUPLICATE_METHOD_MATCH = YES;
				"CODE_SIGN_IDENTITY[sdk=iphoneos*]" = "iPhone Developer";
				COPY_PHASE_STRIP = YES;
				ENABLE_NS_ASSERTIONS = NO;
				GCC_C_LANGUAGE_STANDARD = gnu99;
				GCC_WARN_64_TO_32_BIT_CONVERSION = YES;
				GCC_WARN_ABOUT_RETURN_TYPE = YES_ERROR;
				GCC_WARN_UNDECLARED_SELECTOR = YES;
				GCC_WARN_UNINITIALIZED_AUTOS = YES_AGGRESSIVE;
				GCC_WARN_UNUSED_FUNCTION = YES;
				GCC_WARN_UNUSED_VARIABLE = YES;
				IPHONEOS_DEPLOYMENT_TARGET = 7.0;
				SDKROOT = iphoneos;
				VALIDATE_PRODUCT = YES;
			};
			name = Release;
		};
		870ABF7F19BC8038001B7D2E /* Debug */ = {
			isa = XCBuildConfiguration;
			buildSettings = {
				ASSETCATALOG_COMPILER_APPICON_NAME = AppIcon;
				ASSETCATALOG_COMPILER_LAUNCHIMAGE_NAME = LaunchImage;
				CODE_SIGN_IDENTITY = "iPhone Developer";
				"CODE_SIGN_IDENTITY[sdk=iphoneos*]" = "iPhone Developer";
				GCC_PRECOMPILE_PREFIX_HEADER = YES;
				GCC_PREFIX_HEADER = "BusLondon/BusLondon-Prefix.pch";
				INFOPLIST_FILE = "BusLondon/BusLondon-Info.plist";
				IPHONEOS_DEPLOYMENT_TARGET = 7.0;
				PRODUCT_NAME = "$(TARGET_NAME)";
				PROVISIONING_PROFILE = "";
				WRAPPER_EXTENSION = app;
			};
			name = Debug;
		};
		870ABF8019BC8038001B7D2E /* Release */ = {
			isa = XCBuildConfiguration;
			buildSettings = {
				ASSETCATALOG_COMPILER_APPICON_NAME = AppIcon;
				ASSETCATALOG_COMPILER_LAUNCHIMAGE_NAME = LaunchImage;
				CODE_SIGN_IDENTITY = "iPhone Developer";
				"CODE_SIGN_IDENTITY[sdk=iphoneos*]" = "iPhone Developer";
				GCC_PRECOMPILE_PREFIX_HEADER = YES;
				GCC_PREFIX_HEADER = "BusLondon/BusLondon-Prefix.pch";
				INFOPLIST_FILE = "BusLondon/BusLondon-Info.plist";
				IPHONEOS_DEPLOYMENT_TARGET = 7.0;
				PRODUCT_NAME = "$(TARGET_NAME)";
				PROVISIONING_PROFILE = "";
				WRAPPER_EXTENSION = app;
			};
			name = Release;
		};
		870ABF8219BC8038001B7D2E /* Debug */ = {
			isa = XCBuildConfiguration;
			buildSettings = {
				BUNDLE_LOADER = "$(BUILT_PRODUCTS_DIR)/BusLondon.app/BusLondon";
				FRAMEWORK_SEARCH_PATHS = (
					"$(SDKROOT)/Developer/Library/Frameworks",
					"$(inherited)",
					"$(DEVELOPER_FRAMEWORKS_DIR)",
				);
				GCC_PRECOMPILE_PREFIX_HEADER = YES;
				GCC_PREFIX_HEADER = "BusLondon/BusLondon-Prefix.pch";
				GCC_PREPROCESSOR_DEFINITIONS = (
					"DEBUG=1",
					"$(inherited)",
				);
				INFOPLIST_FILE = "BusLondonTests/BusLondonTests-Info.plist";
				PRODUCT_NAME = "$(TARGET_NAME)";
				TEST_HOST = "$(BUNDLE_LOADER)";
				WRAPPER_EXTENSION = xctest;
			};
			name = Debug;
		};
		870ABF8319BC8038001B7D2E /* Release */ = {
			isa = XCBuildConfiguration;
			buildSettings = {
				BUNDLE_LOADER = "$(BUILT_PRODUCTS_DIR)/BusLondon.app/BusLondon";
				FRAMEWORK_SEARCH_PATHS = (
					"$(SDKROOT)/Developer/Library/Frameworks",
					"$(inherited)",
					"$(DEVELOPER_FRAMEWORKS_DIR)",
				);
				GCC_PRECOMPILE_PREFIX_HEADER = YES;
				GCC_PREFIX_HEADER = "BusLondon/BusLondon-Prefix.pch";
				INFOPLIST_FILE = "BusLondonTests/BusLondonTests-Info.plist";
				PRODUCT_NAME = "$(TARGET_NAME)";
				TEST_HOST = "$(BUNDLE_LOADER)";
				WRAPPER_EXTENSION = xctest;
			};
			name = Release;
		};
/* End XCBuildConfiguration section */

/* Begin XCConfigurationList section */
		870ABF4719BC8037001B7D2E /* Build configuration list for PBXProject "BusLondon" */ = {
			isa = XCConfigurationList;
			buildConfigurations = (
				870ABF7C19BC8038001B7D2E /* Debug */,
				870ABF7D19BC8038001B7D2E /* Release */,
			);
			defaultConfigurationIsVisible = 0;
			defaultConfigurationName = Release;
		};
		870ABF7E19BC8038001B7D2E /* Build configuration list for PBXNativeTarget "BusLondon" */ = {
			isa = XCConfigurationList;
			buildConfigurations = (
				870ABF7F19BC8038001B7D2E /* Debug */,
				870ABF8019BC8038001B7D2E /* Release */,
			);
			defaultConfigurationIsVisible = 0;
			defaultConfigurationName = Release;
		};
		870ABF8119BC8038001B7D2E /* Build configuration list for PBXNativeTarget "BusLondonTests" */ = {
			isa = XCConfigurationList;
			buildConfigurations = (
				870ABF8219BC8038001B7D2E /* Debug */,
				870ABF8319BC8038001B7D2E /* Release */,
			);
			defaultConfigurationIsVisible = 0;
			defaultConfigurationName = Release;
		};
/* End XCConfigurationList section */
	};
	rootObject = 870ABF4419BC8037001B7D2E /* Project object */;
}
