// !$*UTF8*$!
{
	archiveVersion = 1;
	classes = {
	};
	objectVersion = 46;
	objects = {

/* Begin PBXBuildFile section */
		0C5C11D71C42821600FDD021 /* NSObject+SBJson.m in Sources */ = {isa = PBXBuildFile; fileRef = 0C5C11BF1C42821500FDD021 /* NSObject+SBJson.m */; };
		0C5C11D81C42821600FDD021 /* SBJsonParser.m in Sources */ = {isa = PBXBuildFile; fileRef = 0C5C11C21C42821500FDD021 /* SBJsonParser.m */; };
		0C5C11D91C42821600FDD021 /* SBJsonStreamParser.m in Sources */ = {isa = PBXBuildFile; fileRef = 0C5C11C41C42821500FDD021 /* SBJsonStreamParser.m */; };
		0C5C11DA1C42821600FDD021 /* SBJsonStreamParserAccumulator.m in Sources */ = {isa = PBXBuildFile; fileRef = 0C5C11C61C42821500FDD021 /* SBJsonStreamParserAccumulator.m */; };
		0C5C11DB1C42821600FDD021 /* SBJsonStreamParserAdapter.m in Sources */ = {isa = PBXBuildFile; fileRef = 0C5C11C81C42821500FDD021 /* SBJsonStreamParserAdapter.m */; };
		0C5C11DC1C42821600FDD021 /* SBJsonStreamParserState.m in Sources */ = {isa = PBXBuildFile; fileRef = 0C5C11CA1C42821500FDD021 /* SBJsonStreamParserState.m */; };
		0C5C11DD1C42821600FDD021 /* SBJsonStreamWriter.m in Sources */ = {isa = PBXBuildFile; fileRef = 0C5C11CC1C42821500FDD021 /* SBJsonStreamWriter.m */; };
		0C5C11DE1C42821600FDD021 /* SBJsonStreamWriterAccumulator.m in Sources */ = {isa = PBXBuildFile; fileRef = 0C5C11CE1C42821500FDD021 /* SBJsonStreamWriterAccumulator.m */; };
		0C5C11DF1C42821600FDD021 /* SBJsonStreamWriterState.m in Sources */ = {isa = PBXBuildFile; fileRef = 0C5C11D01C42821500FDD021 /* SBJsonStreamWriterState.m */; };
		0C5C11E01C42821600FDD021 /* SBJsonTokeniser.m in Sources */ = {isa = PBXBuildFile; fileRef = 0C5C11D21C42821500FDD021 /* SBJsonTokeniser.m */; };
		0C5C11E11C42821600FDD021 /* SBJsonUTF8Stream.m in Sources */ = {isa = PBXBuildFile; fileRef = 0C5C11D41C42821500FDD021 /* SBJsonUTF8Stream.m */; };
		0C5C11E21C42821600FDD021 /* SBJsonWriter.m in Sources */ = {isa = PBXBuildFile; fileRef = 0C5C11D61C42821500FDD021 /* SBJsonWriter.m */; };
		0C8D99841C552BE300692184 /* UrlUtil.m in Sources */ = {isa = PBXBuildFile; fileRef = 0C8D99831C552BE300692184 /* UrlUtil.m */; };
		0CABB8091C55601E00686364 /* StopRepository.m in Sources */ = {isa = PBXBuildFile; fileRef = 0CABB8081C55601E00686364 /* StopRepository.m */; };
		0CABB80D1C55605D00686364 /* GenericRepository.m in Sources */ = {isa = PBXBuildFile; fileRef = 0CABB80C1C55605D00686364 /* GenericRepository.m */; };
		0CABB8101C55685E00686364 /* BusRepository.m in Sources */ = {isa = PBXBuildFile; fileRef = 0CABB80F1C55685E00686364 /* BusRepository.m */; };
		0CC77C601C41790D00A1E52C /* GenericService.m in Sources */ = {isa = PBXBuildFile; fileRef = 0CC77C5F1C41790D00A1E52C /* GenericService.m */; };
		0CDCACC11C46F35C003B421C /* LineSequenceViewController.m in Sources */ = {isa = PBXBuildFile; fileRef = 0CDCACC01C46F35C003B421C /* LineSequenceViewController.m */; };
		0CF8BA861C418CBF00506A91 /* StopService.m in Sources */ = {isa = PBXBuildFile; fileRef = 0CF8BA851C418CBF00506A91 /* StopService.m */; };
		0CF8BA891C418CFF00506A91 /* BusService.m in Sources */ = {isa = PBXBuildFile; fileRef = 0CF8BA881C418CFF00506A91 /* BusService.m */; };
		0CF8BA8E1C41976A00506A91 /* MyStopsService.m in Sources */ = {isa = PBXBuildFile; fileRef = 0CF8BA8D1C41976A00506A91 /* MyStopsService.m */; };
		870ABF5019BC8037001B7D2E /* Foundation.framework in Frameworks */ = {isa = PBXBuildFile; fileRef = 870ABF4F19BC8037001B7D2E /* Foundation.framework */; };
		870ABF5219BC8037001B7D2E /* CoreGraphics.framework in Frameworks */ = {isa = PBXBuildFile; fileRef = 870ABF5119BC8037001B7D2E /* CoreGraphics.framework */; };
		870ABF5419BC8037001B7D2E /* UIKit.framework in Frameworks */ = {isa = PBXBuildFile; fileRef = 870ABF5319BC8037001B7D2E /* UIKit.framework */; };
		870ABF5A19BC8037001B7D2E /* InfoPlist.strings in Resources */ = {isa = PBXBuildFile; fileRef = 870ABF5819BC8037001B7D2E /* InfoPlist.strings */; };
		870ABF5C19BC8037001B7D2E /* main.m in Sources */ = {isa = PBXBuildFile; fileRef = 870ABF5B19BC8037001B7D2E /* main.m */; };
		870ABF6019BC8037001B7D2E /* AppDelegate.m in Sources */ = {isa = PBXBuildFile; fileRef = 870ABF5F19BC8037001B7D2E /* AppDelegate.m */; };
		870ABF6319BC8037001B7D2E /* Main.storyboard in Resources */ = {isa = PBXBuildFile; fileRef = 870ABF6119BC8037001B7D2E /* Main.storyboard */; };
		870ABF6819BC8038001B7D2E /* Images.xcassets in Resources */ = {isa = PBXBuildFile; fileRef = 870ABF6719BC8038001B7D2E /* Images.xcassets */; };
		870ABF6F19BC8038001B7D2E /* XCTest.framework in Frameworks */ = {isa = PBXBuildFile; fileRef = 870ABF6E19BC8038001B7D2E /* XCTest.framework */; };
		870ABF7019BC8038001B7D2E /* Foundation.framework in Frameworks */ = {isa = PBXBuildFile; fileRef = 870ABF4F19BC8037001B7D2E /* Foundation.framework */; };
		870ABF7119BC8038001B7D2E /* UIKit.framework in Frameworks */ = {isa = PBXBuildFile; fileRef = 870ABF5319BC8037001B7D2E /* UIKit.framework */; };
		870ABF7919BC8038001B7D2E /* InfoPlist.strings in Resources */ = {isa = PBXBuildFile; fileRef = 870ABF7719BC8038001B7D2E /* InfoPlist.strings */; };
		870ABF7B19BC8038001B7D2E /* BusLondonTests.m in Sources */ = {isa = PBXBuildFile; fileRef = 870ABF7A19BC8038001B7D2E /* BusLondonTests.m */; };
		870ABF8619BC8334001B7D2E /* NearStopsViewController.m in Sources */ = {isa = PBXBuildFile; fileRef = 870ABF8519BC8334001B7D2E /* NearStopsViewController.m */; };
		8719FA5D1A29D62500BFB10A /* StopDAO.m in Sources */ = {isa = PBXBuildFile; fileRef = 8719FA5C1A29D62500BFB10A /* StopDAO.m */; };
		8719FA601A29D65200BFB10A /* Stop.m in Sources */ = {isa = PBXBuildFile; fileRef = 8719FA5F1A29D65200BFB10A /* Stop.m */; };
		871D6AC719BF3129005EBF7A /* CoreLocation.framework in Frameworks */ = {isa = PBXBuildFile; fileRef = 871D6AC619BF3129005EBF7A /* CoreLocation.framework */; };
		874E8A5C1A24AF2E00536052 /* CoreData.framework in Frameworks */ = {isa = PBXBuildFile; fileRef = 874E8A5B1A24AF2E00536052 /* CoreData.framework */; };
		874E8A601A24AFAD00536052 /* BusLondon.xcdatamodeld in Sources */ = {isa = PBXBuildFile; fileRef = 874E8A5E1A24AFAD00536052 /* BusLondon.xcdatamodeld */; };
		87588D901A07C2CA00242141 /* Bus.m in Sources */ = {isa = PBXBuildFile; fileRef = 87588D8F1A07C2CA00242141 /* Bus.m */; };
		87588D9C1A07F21B00242141 /* MapKit.framework in Frameworks */ = {isa = PBXBuildFile; fileRef = 87588D9B1A07F21B00242141 /* MapKit.framework */; };
		8787CFF01A02CCC300332808 /* StopViewController.m in Sources */ = {isa = PBXBuildFile; fileRef = 8787CFEF1A02CCC300332808 /* StopViewController.m */; };
		8787CFF31A02CCF300332808 /* BusViewCell.m in Sources */ = {isa = PBXBuildFile; fileRef = 8787CFF21A02CCF300332808 /* BusViewCell.m */; };
		8790B26919C1C68B00BC1D63 /* redStopPointIndicator@2x.png in Resources */ = {isa = PBXBuildFile; fileRef = 8790B26819C1C68B00BC1D63 /* redStopPointIndicator@2x.png */; };
		8790B26F19C1C92B00BC1D63 /* StopViewCell.m in Sources */ = {isa = PBXBuildFile; fileRef = 8790B26E19C1C92B00BC1D63 /* StopViewCell.m */; };
		87ABF9FB1A2E6F29008A1C16 /* MyStopsViewController.m in Sources */ = {isa = PBXBuildFile; fileRef = 87ABF9FA1A2E6F29008A1C16 /* MyStopsViewController.m */; };
		87CB0B801A162E9100A09427 /* pinStopMap@2x.png in Resources */ = {isa = PBXBuildFile; fileRef = 87CB0B7F1A162E9100A09427 /* pinStopMap@2x.png */; };
		87CB0B821A16399D00A09427 /* arrowRed@2x.png in Resources */ = {isa = PBXBuildFile; fileRef = 87CB0B811A16399D00A09427 /* arrowRed@2x.png */; };
		87CB0B851A1687E800A09427 /* Pin.m in Sources */ = {isa = PBXBuildFile; fileRef = 87CB0B841A1687E800A09427 /* Pin.m */; };
		87CF03FD1A1CD4FD00F5F883 /* locationArrow@3x.png in Resources */ = {isa = PBXBuildFile; fileRef = 87CF03FC1A1CD4FD00F5F883 /* locationArrow@3x.png */; };
		87D93A4E1A2F9258009BF680 /* favourites@3.png in Resources */ = {isa = PBXBuildFile; fileRef = 87D93A4C1A2F9257009BF680 /* favourites@3.png */; };
		87D93A4F1A2F9258009BF680 /* favouritesSelected@3.png in Resources */ = {isa = PBXBuildFile; fileRef = 87D93A4D1A2F9258009BF680 /* favouritesSelected@3.png */; };
/* End PBXBuildFile section */

/* Begin PBXContainerItemProxy section */
		870ABF7219BC8038001B7D2E /* PBXContainerItemProxy */ = {
			isa = PBXContainerItemProxy;
			containerPortal = 870ABF4419BC8037001B7D2E /* Project object */;
			proxyType = 1;
			remoteGlobalIDString = 870ABF4B19BC8037001B7D2E;
			remoteInfo = BusLondon;
		};
/* End PBXContainerItemProxy section */

/* Begin PBXFileReference section */
		0C5C11BE1C42821500FDD021 /* NSObject+SBJson.h */ = {isa = PBXFileReference; fileEncoding = 4; lastKnownFileType = sourcecode.c.h; path = "NSObject+SBJson.h"; sourceTree = "<group>"; };
		0C5C11BF1C42821500FDD021 /* NSObject+SBJson.m */ = {isa = PBXFileReference; fileEncoding = 4; lastKnownFileType = sourcecode.c.objc; path = "NSObject+SBJson.m"; sourceTree = "<group>"; };
		0C5C11C01C42821500FDD021 /* SBJson.h */ = {isa = PBXFileReference; fileEncoding = 4; lastKnownFileType = sourcecode.c.h; path = SBJson.h; sourceTree = "<group>"; };
		0C5C11C11C42821500FDD021 /* SBJsonParser.h */ = {isa = PBXFileReference; fileEncoding = 4; lastKnownFileType = sourcecode.c.h; path = SBJsonParser.h; sourceTree = "<group>"; };
		0C5C11C21C42821500FDD021 /* SBJsonParser.m */ = {isa = PBXFileReference; fileEncoding = 4; lastKnownFileType = sourcecode.c.objc; path = SBJsonParser.m; sourceTree = "<group>"; };
		0C5C11C31C42821500FDD021 /* SBJsonStreamParser.h */ = {isa = PBXFileReference; fileEncoding = 4; lastKnownFileType = sourcecode.c.h; path = SBJsonStreamParser.h; sourceTree = "<group>"; };
		0C5C11C41C42821500FDD021 /* SBJsonStreamParser.m */ = {isa = PBXFileReference; fileEncoding = 4; lastKnownFileType = sourcecode.c.objc; path = SBJsonStreamParser.m; sourceTree = "<group>"; };
		0C5C11C51C42821500FDD021 /* SBJsonStreamParserAccumulator.h */ = {isa = PBXFileReference; fileEncoding = 4; lastKnownFileType = sourcecode.c.h; path = SBJsonStreamParserAccumulator.h; sourceTree = "<group>"; };
		0C5C11C61C42821500FDD021 /* SBJsonStreamParserAccumulator.m */ = {isa = PBXFileReference; fileEncoding = 4; lastKnownFileType = sourcecode.c.objc; path = SBJsonStreamParserAccumulator.m; sourceTree = "<group>"; };
		0C5C11C71C42821500FDD021 /* SBJsonStreamParserAdapter.h */ = {isa = PBXFileReference; fileEncoding = 4; lastKnownFileType = sourcecode.c.h; path = SBJsonStreamParserAdapter.h; sourceTree = "<group>"; };
		0C5C11C81C42821500FDD021 /* SBJsonStreamParserAdapter.m */ = {isa = PBXFileReference; fileEncoding = 4; lastKnownFileType = sourcecode.c.objc; path = SBJsonStreamParserAdapter.m; sourceTree = "<group>"; };
		0C5C11C91C42821500FDD021 /* SBJsonStreamParserState.h */ = {isa = PBXFileReference; fileEncoding = 4; lastKnownFileType = sourcecode.c.h; path = SBJsonStreamParserState.h; sourceTree = "<group>"; };
		0C5C11CA1C42821500FDD021 /* SBJsonStreamParserState.m */ = {isa = PBXFileReference; fileEncoding = 4; lastKnownFileType = sourcecode.c.objc; path = SBJsonStreamParserState.m; sourceTree = "<group>"; };
		0C5C11CB1C42821500FDD021 /* SBJsonStreamWriter.h */ = {isa = PBXFileReference; fileEncoding = 4; lastKnownFileType = sourcecode.c.h; path = SBJsonStreamWriter.h; sourceTree = "<group>"; };
		0C5C11CC1C42821500FDD021 /* SBJsonStreamWriter.m */ = {isa = PBXFileReference; fileEncoding = 4; lastKnownFileType = sourcecode.c.objc; path = SBJsonStreamWriter.m; sourceTree = "<group>"; };
		0C5C11CD1C42821500FDD021 /* SBJsonStreamWriterAccumulator.h */ = {isa = PBXFileReference; fileEncoding = 4; lastKnownFileType = sourcecode.c.h; path = SBJsonStreamWriterAccumulator.h; sourceTree = "<group>"; };
		0C5C11CE1C42821500FDD021 /* SBJsonStreamWriterAccumulator.m */ = {isa = PBXFileReference; fileEncoding = 4; lastKnownFileType = sourcecode.c.objc; path = SBJsonStreamWriterAccumulator.m; sourceTree = "<group>"; };
		0C5C11CF1C42821500FDD021 /* SBJsonStreamWriterState.h */ = {isa = PBXFileReference; fileEncoding = 4; lastKnownFileType = sourcecode.c.h; path = SBJsonStreamWriterState.h; sourceTree = "<group>"; };
		0C5C11D01C42821500FDD021 /* SBJsonStreamWriterState.m */ = {isa = PBXFileReference; fileEncoding = 4; lastKnownFileType = sourcecode.c.objc; path = SBJsonStreamWriterState.m; sourceTree = "<group>"; };
		0C5C11D11C42821500FDD021 /* SBJsonTokeniser.h */ = {isa = PBXFileReference; fileEncoding = 4; lastKnownFileType = sourcecode.c.h; path = SBJsonTokeniser.h; sourceTree = "<group>"; };
		0C5C11D21C42821500FDD021 /* SBJsonTokeniser.m */ = {isa = PBXFileReference; fileEncoding = 4; lastKnownFileType = sourcecode.c.objc; path = SBJsonTokeniser.m; sourceTree = "<group>"; };
		0C5C11D31C42821500FDD021 /* SBJsonUTF8Stream.h */ = {isa = PBXFileReference; fileEncoding = 4; lastKnownFileType = sourcecode.c.h; path = SBJsonUTF8Stream.h; sourceTree = "<group>"; };
		0C5C11D41C42821500FDD021 /* SBJsonUTF8Stream.m */ = {isa = PBXFileReference; fileEncoding = 4; lastKnownFileType = sourcecode.c.objc; path = SBJsonUTF8Stream.m; sourceTree = "<group>"; };
		0C5C11D51C42821500FDD021 /* SBJsonWriter.h */ = {isa = PBXFileReference; fileEncoding = 4; lastKnownFileType = sourcecode.c.h; path = SBJsonWriter.h; sourceTree = "<group>"; };
		0C5C11D61C42821500FDD021 /* SBJsonWriter.m */ = {isa = PBXFileReference; fileEncoding = 4; lastKnownFileType = sourcecode.c.objc; path = SBJsonWriter.m; sourceTree = "<group>"; };
		0C8D99821C552BE300692184 /* UrlUtil.h */ = {isa = PBXFileReference; fileEncoding = 4; lastKnownFileType = sourcecode.c.h; path = UrlUtil.h; sourceTree = "<group>"; };
		0C8D99831C552BE300692184 /* UrlUtil.m */ = {isa = PBXFileReference; fileEncoding = 4; lastKnownFileType = sourcecode.c.objc; path = UrlUtil.m; sourceTree = "<group>"; };
		0CABB8071C55601E00686364 /* StopRepository.h */ = {isa = PBXFileReference; fileEncoding = 4; lastKnownFileType = sourcecode.c.h; path = StopRepository.h; sourceTree = "<group>"; };
		0CABB8081C55601E00686364 /* StopRepository.m */ = {isa = PBXFileReference; fileEncoding = 4; lastKnownFileType = sourcecode.c.objc; path = StopRepository.m; sourceTree = "<group>"; };
		0CABB80B1C55605D00686364 /* GenericRepository.h */ = {isa = PBXFileReference; fileEncoding = 4; lastKnownFileType = sourcecode.c.h; path = GenericRepository.h; sourceTree = "<group>"; };
		0CABB80C1C55605D00686364 /* GenericRepository.m */ = {isa = PBXFileReference; fileEncoding = 4; lastKnownFileType = sourcecode.c.objc; path = GenericRepository.m; sourceTree = "<group>"; };
		0CABB80E1C55685E00686364 /* BusRepository.h */ = {isa = PBXFileReference; fileEncoding = 4; lastKnownFileType = sourcecode.c.h; path = BusRepository.h; sourceTree = "<group>"; };
		0CABB80F1C55685E00686364 /* BusRepository.m */ = {isa = PBXFileReference; fileEncoding = 4; lastKnownFileType = sourcecode.c.objc; path = BusRepository.m; sourceTree = "<group>"; };
		0CC77C5E1C41790D00A1E52C /* GenericService.h */ = {isa = PBXFileReference; fileEncoding = 4; lastKnownFileType = sourcecode.c.h; path = GenericService.h; sourceTree = "<group>"; };
		0CC77C5F1C41790D00A1E52C /* GenericService.m */ = {isa = PBXFileReference; fileEncoding = 4; lastKnownFileType = sourcecode.c.objc; path = GenericService.m; sourceTree = "<group>"; };
		0CDCACBF1C46F35C003B421C /* LineSequenceViewController.h */ = {isa = PBXFileReference; fileEncoding = 4; lastKnownFileType = sourcecode.c.h; path = LineSequenceViewController.h; sourceTree = "<group>"; };
		0CDCACC01C46F35C003B421C /* LineSequenceViewController.m */ = {isa = PBXFileReference; fileEncoding = 4; lastKnownFileType = sourcecode.c.objc; path = LineSequenceViewController.m; sourceTree = "<group>"; };
		0CF8BA841C418CBF00506A91 /* StopService.h */ = {isa = PBXFileReference; fileEncoding = 4; lastKnownFileType = sourcecode.c.h; path = StopService.h; sourceTree = "<group>"; };
		0CF8BA851C418CBF00506A91 /* StopService.m */ = {isa = PBXFileReference; fileEncoding = 4; lastKnownFileType = sourcecode.c.objc; path = StopService.m; sourceTree = "<group>"; };
		0CF8BA871C418CFF00506A91 /* BusService.h */ = {isa = PBXFileReference; fileEncoding = 4; lastKnownFileType = sourcecode.c.h; path = BusService.h; sourceTree = "<group>"; };
		0CF8BA881C418CFF00506A91 /* BusService.m */ = {isa = PBXFileReference; fileEncoding = 4; lastKnownFileType = sourcecode.c.objc; path = BusService.m; sourceTree = "<group>"; };
		0CF8BA8C1C41976A00506A91 /* MyStopsService.h */ = {isa = PBXFileReference; fileEncoding = 4; lastKnownFileType = sourcecode.c.h; path = MyStopsService.h; sourceTree = "<group>"; };
		0CF8BA8D1C41976A00506A91 /* MyStopsService.m */ = {isa = PBXFileReference; fileEncoding = 4; lastKnownFileType = sourcecode.c.objc; path = MyStopsService.m; sourceTree = "<group>"; };
		870ABF4C19BC8037001B7D2E /* BusLondon.app */ = {isa = PBXFileReference; explicitFileType = wrapper.application; includeInIndex = 0; path = BusLondon.app; sourceTree = BUILT_PRODUCTS_DIR; };
		870ABF4F19BC8037001B7D2E /* Foundation.framework */ = {isa = PBXFileReference; lastKnownFileType = wrapper.framework; name = Foundation.framework; path = System/Library/Frameworks/Foundation.framework; sourceTree = SDKROOT; };
		870ABF5119BC8037001B7D2E /* CoreGraphics.framework */ = {isa = PBXFileReference; lastKnownFileType = wrapper.framework; name = CoreGraphics.framework; path = System/Library/Frameworks/CoreGraphics.framework; sourceTree = SDKROOT; };
		870ABF5319BC8037001B7D2E /* UIKit.framework */ = {isa = PBXFileReference; lastKnownFileType = wrapper.framework; name = UIKit.framework; path = System/Library/Frameworks/UIKit.framework; sourceTree = SDKROOT; };
		870ABF5719BC8037001B7D2E /* BusLondon-Info.plist */ = {isa = PBXFileReference; lastKnownFileType = text.plist.xml; path = "BusLondon-Info.plist"; sourceTree = "<group>"; };
		870ABF5919BC8037001B7D2E /* en */ = {isa = PBXFileReference; lastKnownFileType = text.plist.strings; name = en; path = en.lproj/InfoPlist.strings; sourceTree = "<group>"; };
		870ABF5B19BC8037001B7D2E /* main.m */ = {isa = PBXFileReference; lastKnownFileType = sourcecode.c.objc; path = main.m; sourceTree = "<group>"; };
		870ABF5D19BC8037001B7D2E /* BusLondon-Prefix.pch */ = {isa = PBXFileReference; lastKnownFileType = sourcecode.c.h; path = "BusLondon-Prefix.pch"; sourceTree = "<group>"; };
		870ABF5E19BC8037001B7D2E /* AppDelegate.h */ = {isa = PBXFileReference; lastKnownFileType = sourcecode.c.h; path = AppDelegate.h; sourceTree = "<group>"; };
		870ABF5F19BC8037001B7D2E /* AppDelegate.m */ = {isa = PBXFileReference; lastKnownFileType = sourcecode.c.objc; path = AppDelegate.m; sourceTree = "<group>"; };
		870ABF6219BC8037001B7D2E /* Base */ = {isa = PBXFileReference; lastKnownFileType = file.storyboard; name = Base; path = Base.lproj/Main.storyboard; sourceTree = "<group>"; };
		870ABF6719BC8038001B7D2E /* Images.xcassets */ = {isa = PBXFileReference; lastKnownFileType = folder.assetcatalog; path = Images.xcassets; sourceTree = "<group>"; };
		870ABF6D19BC8038001B7D2E /* BusLondonTests.xctest */ = {isa = PBXFileReference; explicitFileType = wrapper.cfbundle; includeInIndex = 0; path = BusLondonTests.xctest; sourceTree = BUILT_PRODUCTS_DIR; };
		870ABF6E19BC8038001B7D2E /* XCTest.framework */ = {isa = PBXFileReference; lastKnownFileType = wrapper.framework; name = XCTest.framework; path = Library/Frameworks/XCTest.framework; sourceTree = DEVELOPER_DIR; };
		870ABF7619BC8038001B7D2E /* BusLondonTests-Info.plist */ = {isa = PBXFileReference; lastKnownFileType = text.plist.xml; path = "BusLondonTests-Info.plist"; sourceTree = "<group>"; };
		870ABF7819BC8038001B7D2E /* en */ = {isa = PBXFileReference; lastKnownFileType = text.plist.strings; name = en; path = en.lproj/InfoPlist.strings; sourceTree = "<group>"; };
		870ABF7A19BC8038001B7D2E /* BusLondonTests.m */ = {isa = PBXFileReference; lastKnownFileType = sourcecode.c.objc; path = BusLondonTests.m; sourceTree = "<group>"; };
		870ABF8419BC8334001B7D2E /* NearStopsViewController.h */ = {isa = PBXFileReference; fileEncoding = 4; lastKnownFileType = sourcecode.c.h; path = NearStopsViewController.h; sourceTree = "<group>"; };
		870ABF8519BC8334001B7D2E /* NearStopsViewController.m */ = {isa = PBXFileReference; fileEncoding = 4; lastKnownFileType = sourcecode.c.objc; path = NearStopsViewController.m; sourceTree = "<group>"; };
		8719FA5B1A29D62500BFB10A /* StopDAO.h */ = {isa = PBXFileReference; fileEncoding = 4; lastKnownFileType = sourcecode.c.h; path = StopDAO.h; sourceTree = "<group>"; };
		8719FA5C1A29D62500BFB10A /* StopDAO.m */ = {isa = PBXFileReference; fileEncoding = 4; lastKnownFileType = sourcecode.c.objc; path = StopDAO.m; sourceTree = "<group>"; };
		8719FA5E1A29D65200BFB10A /* Stop.h */ = {isa = PBXFileReference; fileEncoding = 4; lastKnownFileType = sourcecode.c.h; path = Stop.h; sourceTree = "<group>"; };
		8719FA5F1A29D65200BFB10A /* Stop.m */ = {isa = PBXFileReference; fileEncoding = 4; lastKnownFileType = sourcecode.c.objc; path = Stop.m; sourceTree = "<group>"; };
		871D6AC519BF2CC1005EBF7A /* Constants.h */ = {isa = PBXFileReference; lastKnownFileType = sourcecode.c.h; path = Constants.h; sourceTree = "<group>"; };
		871D6AC619BF3129005EBF7A /* CoreLocation.framework */ = {isa = PBXFileReference; lastKnownFileType = wrapper.framework; name = CoreLocation.framework; path = System/Library/Frameworks/CoreLocation.framework; sourceTree = SDKROOT; };
		874E8A5B1A24AF2E00536052 /* CoreData.framework */ = {isa = PBXFileReference; lastKnownFileType = wrapper.framework; name = CoreData.framework; path = System/Library/Frameworks/CoreData.framework; sourceTree = SDKROOT; };
		874E8A5F1A24AFAD00536052 /* BusLondon.xcdatamodel */ = {isa = PBXFileReference; lastKnownFileType = wrapper.xcdatamodel; path = BusLondon.xcdatamodel; sourceTree = "<group>"; };
		87588D8E1A07C2CA00242141 /* Bus.h */ = {isa = PBXFileReference; fileEncoding = 4; lastKnownFileType = sourcecode.c.h; path = Bus.h; sourceTree = "<group>"; };
		87588D8F1A07C2CA00242141 /* Bus.m */ = {isa = PBXFileReference; fileEncoding = 4; lastKnownFileType = sourcecode.c.objc; path = Bus.m; sourceTree = "<group>"; };
		87588D9B1A07F21B00242141 /* MapKit.framework */ = {isa = PBXFileReference; lastKnownFileType = wrapper.framework; name = MapKit.framework; path = System/Library/Frameworks/MapKit.framework; sourceTree = SDKROOT; };
		8787CFEE1A02CCC300332808 /* StopViewController.h */ = {isa = PBXFileReference; fileEncoding = 4; lastKnownFileType = sourcecode.c.h; path = StopViewController.h; sourceTree = "<group>"; };
		8787CFEF1A02CCC300332808 /* StopViewController.m */ = {isa = PBXFileReference; fileEncoding = 4; lastKnownFileType = sourcecode.c.objc; path = StopViewController.m; sourceTree = "<group>"; };
		8787CFF11A02CCF300332808 /* BusViewCell.h */ = {isa = PBXFileReference; fileEncoding = 4; lastKnownFileType = sourcecode.c.h; path = BusViewCell.h; sourceTree = "<group>"; };
		8787CFF21A02CCF300332808 /* BusViewCell.m */ = {isa = PBXFileReference; fileEncoding = 4; lastKnownFileType = sourcecode.c.objc; path = BusViewCell.m; sourceTree = "<group>"; };
		8790B26819C1C68B00BC1D63 /* redStopPointIndicator@2x.png */ = {isa = PBXFileReference; lastKnownFileType = image.png; path = "redStopPointIndicator@2x.png"; sourceTree = "<group>"; };
		8790B26D19C1C92B00BC1D63 /* StopViewCell.h */ = {isa = PBXFileReference; fileEncoding = 4; lastKnownFileType = sourcecode.c.h; path = StopViewCell.h; sourceTree = "<group>"; };
		8790B26E19C1C92B00BC1D63 /* StopViewCell.m */ = {isa = PBXFileReference; fileEncoding = 4; lastKnownFileType = sourcecode.c.objc; path = StopViewCell.m; sourceTree = "<group>"; };
		87ABF9F91A2E6F29008A1C16 /* MyStopsViewController.h */ = {isa = PBXFileReference; fileEncoding = 4; lastKnownFileType = sourcecode.c.h; path = MyStopsViewController.h; sourceTree = "<group>"; };
		87ABF9FA1A2E6F29008A1C16 /* MyStopsViewController.m */ = {isa = PBXFileReference; fileEncoding = 4; lastKnownFileType = sourcecode.c.objc; path = MyStopsViewController.m; sourceTree = "<group>"; };
		87CB0B7F1A162E9100A09427 /* pinStopMap@2x.png */ = {isa = PBXFileReference; lastKnownFileType = image.png; path = "pinStopMap@2x.png"; sourceTree = "<group>"; };
		87CB0B811A16399D00A09427 /* arrowRed@2x.png */ = {isa = PBXFileReference; lastKnownFileType = image.png; path = "arrowRed@2x.png"; sourceTree = "<group>"; };
		87CB0B831A1687E800A09427 /* Pin.h */ = {isa = PBXFileReference; fileEncoding = 4; lastKnownFileType = sourcecode.c.h; path = Pin.h; sourceTree = "<group>"; };
		87CB0B841A1687E800A09427 /* Pin.m */ = {isa = PBXFileReference; fileEncoding = 4; lastKnownFileType = sourcecode.c.objc; path = Pin.m; sourceTree = "<group>"; };
		87CF03FC1A1CD4FD00F5F883 /* locationArrow@3x.png */ = {isa = PBXFileReference; lastKnownFileType = image.png; path = "locationArrow@3x.png"; sourceTree = "<group>"; };
		87D93A4C1A2F9257009BF680 /* favourites@3.png */ = {isa = PBXFileReference; lastKnownFileType = image.png; path = "favourites@3.png"; sourceTree = "<group>"; };
		87D93A4D1A2F9258009BF680 /* favouritesSelected@3.png */ = {isa = PBXFileReference; lastKnownFileType = image.png; path = "favouritesSelected@3.png"; sourceTree = "<group>"; };
/* End PBXFileReference section */

/* Begin PBXFrameworksBuildPhase section */
		870ABF4919BC8037001B7D2E /* Frameworks */ = {
			isa = PBXFrameworksBuildPhase;
			buildActionMask = 2147483647;
			files = (
				874E8A5C1A24AF2E00536052 /* CoreData.framework in Frameworks */,
				87588D9C1A07F21B00242141 /* MapKit.framework in Frameworks */,
				871D6AC719BF3129005EBF7A /* CoreLocation.framework in Frameworks */,
				870ABF5219BC8037001B7D2E /* CoreGraphics.framework in Frameworks */,
				870ABF5419BC8037001B7D2E /* UIKit.framework in Frameworks */,
				870ABF5019BC8037001B7D2E /* Foundation.framework in Frameworks */,
			);
			runOnlyForDeploymentPostprocessing = 0;
		};
		870ABF6A19BC8038001B7D2E /* Frameworks */ = {
			isa = PBXFrameworksBuildPhase;
			buildActionMask = 2147483647;
			files = (
				870ABF6F19BC8038001B7D2E /* XCTest.framework in Frameworks */,
				870ABF7119BC8038001B7D2E /* UIKit.framework in Frameworks */,
				870ABF7019BC8038001B7D2E /* Foundation.framework in Frameworks */,
			);
			runOnlyForDeploymentPostprocessing = 0;
		};
/* End PBXFrameworksBuildPhase section */

/* Begin PBXGroup section */
		0C8D99811C552BAC00692184 /* Repository */ = {
			isa = PBXGroup;
			children = (
				0CABB80A1C55603900686364 /* Support */,
				0CABB8071C55601E00686364 /* StopRepository.h */,
				0CABB8081C55601E00686364 /* StopRepository.m */,
				0CABB80B1C55605D00686364 /* GenericRepository.h */,
				0CABB80C1C55605D00686364 /* GenericRepository.m */,
				0CABB80E1C55685E00686364 /* BusRepository.h */,
				0CABB80F1C55685E00686364 /* BusRepository.m */,
			);
			name = Repository;
			sourceTree = "<group>";
		};
		0C9F46991C258FD3002C6120 /* View */ = {
			isa = PBXGroup;
			children = (
				8790B26D19C1C92B00BC1D63 /* StopViewCell.h */,
				8790B26E19C1C92B00BC1D63 /* StopViewCell.m */,
				8787CFF11A02CCF300332808 /* BusViewCell.h */,
				8787CFF21A02CCF300332808 /* BusViewCell.m */,
			);
			name = View;
			sourceTree = "<group>";
		};
		0CABB80A1C55603900686364 /* Support */ = {
			isa = PBXGroup;
			children = (
				0C8D99821C552BE300692184 /* UrlUtil.h */,
				0C8D99831C552BE300692184 /* UrlUtil.m */,
			);
			name = Support;
			sourceTree = "<group>";
		};
		0CC77C391C414D7700A1E52C /* API */ = {
			isa = PBXGroup;
			children = (
				0CC77C3A1C414DE800A1E52C /* SBJson */,
			);
			name = API;
			sourceTree = "<group>";
		};
		0CC77C3A1C414DE800A1E52C /* SBJson */ = {
			isa = PBXGroup;
			children = (
				0C5C11BE1C42821500FDD021 /* NSObject+SBJson.h */,
				0C5C11BF1C42821500FDD021 /* NSObject+SBJson.m */,
				0C5C11C01C42821500FDD021 /* SBJson.h */,
				0C5C11C11C42821500FDD021 /* SBJsonParser.h */,
				0C5C11C21C42821500FDD021 /* SBJsonParser.m */,
				0C5C11C31C42821500FDD021 /* SBJsonStreamParser.h */,
				0C5C11C41C42821500FDD021 /* SBJsonStreamParser.m */,
				0C5C11C51C42821500FDD021 /* SBJsonStreamParserAccumulator.h */,
				0C5C11C61C42821500FDD021 /* SBJsonStreamParserAccumulator.m */,
				0C5C11C71C42821500FDD021 /* SBJsonStreamParserAdapter.h */,
				0C5C11C81C42821500FDD021 /* SBJsonStreamParserAdapter.m */,
				0C5C11C91C42821500FDD021 /* SBJsonStreamParserState.h */,
				0C5C11CA1C42821500FDD021 /* SBJsonStreamParserState.m */,
				0C5C11CB1C42821500FDD021 /* SBJsonStreamWriter.h */,
				0C5C11CC1C42821500FDD021 /* SBJsonStreamWriter.m */,
				0C5C11CD1C42821500FDD021 /* SBJsonStreamWriterAccumulator.h */,
				0C5C11CE1C42821500FDD021 /* SBJsonStreamWriterAccumulator.m */,
				0C5C11CF1C42821500FDD021 /* SBJsonStreamWriterState.h */,
				0C5C11D01C42821500FDD021 /* SBJsonStreamWriterState.m */,
				0C5C11D11C42821500FDD021 /* SBJsonTokeniser.h */,
				0C5C11D21C42821500FDD021 /* SBJsonTokeniser.m */,
				0C5C11D31C42821500FDD021 /* SBJsonUTF8Stream.h */,
				0C5C11D41C42821500FDD021 /* SBJsonUTF8Stream.m */,
				0C5C11D51C42821500FDD021 /* SBJsonWriter.h */,
				0C5C11D61C42821500FDD021 /* SBJsonWriter.m */,
			);
			name = SBJson;
			sourceTree = "<group>";
		};
		0CC77C561C416F8600A1E52C /* Service */ = {
			isa = PBXGroup;
			children = (
				0CF8BA8A1C41946600506A91 /* Support */,
				0CF8BA841C418CBF00506A91 /* StopService.h */,
				0CF8BA851C418CBF00506A91 /* StopService.m */,
				0CF8BA871C418CFF00506A91 /* BusService.h */,
				0CF8BA881C418CFF00506A91 /* BusService.m */,
				0CF8BA8C1C41976A00506A91 /* MyStopsService.h */,
				0CF8BA8D1C41976A00506A91 /* MyStopsService.m */,
			);
			name = Service;
			sourceTree = "<group>";
		};
		0CF8BA8A1C41946600506A91 /* Support */ = {
			isa = PBXGroup;
			children = (
				871D6AC519BF2CC1005EBF7A /* Constants.h */,
				0CC77C5E1C41790D00A1E52C /* GenericService.h */,
				0CC77C5F1C41790D00A1E52C /* GenericService.m */,
			);
			name = Support;
			sourceTree = "<group>";
		};
		870ABF4319BC8037001B7D2E = {
			isa = PBXGroup;
			children = (
				870ABF5519BC8037001B7D2E /* BusLondon */,
				870ABF7419BC8038001B7D2E /* BusLondonTests */,
				870ABF4E19BC8037001B7D2E /* Frameworks */,
				870ABF4D19BC8037001B7D2E /* Products */,
			);
			sourceTree = "<group>";
		};
		870ABF4D19BC8037001B7D2E /* Products */ = {
			isa = PBXGroup;
			children = (
				870ABF4C19BC8037001B7D2E /* BusLondon.app */,
				870ABF6D19BC8038001B7D2E /* BusLondonTests.xctest */,
			);
			name = Products;
			sourceTree = "<group>";
		};
		870ABF4E19BC8037001B7D2E /* Frameworks */ = {
			isa = PBXGroup;
			children = (
				874E8A5B1A24AF2E00536052 /* CoreData.framework */,
				87588D9B1A07F21B00242141 /* MapKit.framework */,
				871D6AC619BF3129005EBF7A /* CoreLocation.framework */,
				870ABF4F19BC8037001B7D2E /* Foundation.framework */,
				870ABF5119BC8037001B7D2E /* CoreGraphics.framework */,
				870ABF5319BC8037001B7D2E /* UIKit.framework */,
				870ABF6E19BC8038001B7D2E /* XCTest.framework */,
			);
			name = Frameworks;
			sourceTree = "<group>";
		};
		870ABF5519BC8037001B7D2E /* BusLondon */ = {
			isa = PBXGroup;
			children = (
				0C8D99811C552BAC00692184 /* Repository */,
				0CC77C561C416F8600A1E52C /* Service */,
				0CC77C391C414D7700A1E52C /* API */,
				8719FA5A1A29D60800BFB10A /* CoreData */,
				874E8A5D1A24AF7500536052 /* Resources */,
				870ABF8819BC85B2001B7D2E /* Model */,
				870ABF8719BC859C001B7D2E /* Controller */,
				0C9F46991C258FD3002C6120 /* View */,
				870ABF5E19BC8037001B7D2E /* AppDelegate.h */,
				870ABF5F19BC8037001B7D2E /* AppDelegate.m */,
				870ABF6719BC8038001B7D2E /* Images.xcassets */,
				870ABF6119BC8037001B7D2E /* Main.storyboard */,
				870ABF5619BC8037001B7D2E /* Supporting Files */,
			);
			path = BusLondon;
			sourceTree = "<group>";
		};
		870ABF5619BC8037001B7D2E /* Supporting Files */ = {
			isa = PBXGroup;
			children = (
				870ABF5719BC8037001B7D2E /* BusLondon-Info.plist */,
				870ABF5819BC8037001B7D2E /* InfoPlist.strings */,
				870ABF5B19BC8037001B7D2E /* main.m */,
				870ABF5D19BC8037001B7D2E /* BusLondon-Prefix.pch */,
			);
			name = "Supporting Files";
			sourceTree = "<group>";
		};
		870ABF7419BC8038001B7D2E /* BusLondonTests */ = {
			isa = PBXGroup;
			children = (
				870ABF7A19BC8038001B7D2E /* BusLondonTests.m */,
				870ABF7519BC8038001B7D2E /* Supporting Files */,
			);
			path = BusLondonTests;
			sourceTree = "<group>";
		};
		870ABF7519BC8038001B7D2E /* Supporting Files */ = {
			isa = PBXGroup;
			children = (
				870ABF7619BC8038001B7D2E /* BusLondonTests-Info.plist */,
				870ABF7719BC8038001B7D2E /* InfoPlist.strings */,
			);
			name = "Supporting Files";
			sourceTree = "<group>";
		};
		870ABF8719BC859C001B7D2E /* Controller */ = {
			isa = PBXGroup;
			children = (
				870ABF8419BC8334001B7D2E /* NearStopsViewController.h */,
				870ABF8519BC8334001B7D2E /* NearStopsViewController.m */,
				8787CFEE1A02CCC300332808 /* StopViewController.h */,
				8787CFEF1A02CCC300332808 /* StopViewController.m */,
				87ABF9F91A2E6F29008A1C16 /* MyStopsViewController.h */,
				87ABF9FA1A2E6F29008A1C16 /* MyStopsViewController.m */,
				0CDCACBF1C46F35C003B421C /* LineSequenceViewController.h */,
				0CDCACC01C46F35C003B421C /* LineSequenceViewController.m */,
			);
			name = Controller;
			sourceTree = "<group>";
		};
		870ABF8819BC85B2001B7D2E /* Model */ = {
			isa = PBXGroup;
			children = (
				87588D8E1A07C2CA00242141 /* Bus.h */,
				87588D8F1A07C2CA00242141 /* Bus.m */,
				87CB0B831A1687E800A09427 /* Pin.h */,
				87CB0B841A1687E800A09427 /* Pin.m */,
				8719FA5E1A29D65200BFB10A /* Stop.h */,
				8719FA5F1A29D65200BFB10A /* Stop.m */,
			);
			name = Model;
			sourceTree = "<group>";
		};
		8719FA5A1A29D60800BFB10A /* CoreData */ = {
			isa = PBXGroup;
			children = (
				8719FA5B1A29D62500BFB10A /* StopDAO.h */,
				8719FA5C1A29D62500BFB10A /* StopDAO.m */,
			);
			name = CoreData;
			sourceTree = "<group>";
		};
		874E8A5D1A24AF7500536052 /* Resources */ = {
			isa = PBXGroup;
			children = (
				8790B26719C1C4BD00BC1D63 /* Images */,
				874E8A5E1A24AFAD00536052 /* BusLondon.xcdatamodeld */,
			);
			name = Resources;
			sourceTree = "<group>";
		};
		8790B26719C1C4BD00BC1D63 /* Images */ = {
			isa = PBXGroup;
			children = (
				87CF03FC1A1CD4FD00F5F883 /* locationArrow@3x.png */,
				87D93A4C1A2F9257009BF680 /* favourites@3.png */,
				87D93A4D1A2F9258009BF680 /* favouritesSelected@3.png */,
				8790B26819C1C68B00BC1D63 /* redStopPointIndicator@2x.png */,
				87CB0B811A16399D00A09427 /* arrowRed@2x.png */,
				87CB0B7F1A162E9100A09427 /* pinStopMap@2x.png */,
			);
			name = Images;
			sourceTree = "<group>";
		};
/* End PBXGroup section */

/* Begin PBXNativeTarget section */
		870ABF4B19BC8037001B7D2E /* BusLondon */ = {
			isa = PBXNativeTarget;
			buildConfigurationList = 870ABF7E19BC8038001B7D2E /* Build configuration list for PBXNativeTarget "BusLondon" */;
			buildPhases = (
				870ABF4819BC8037001B7D2E /* Sources */,
				870ABF4919BC8037001B7D2E /* Frameworks */,
				870ABF4A19BC8037001B7D2E /* Resources */,
			);
			buildRules = (
			);
			dependencies = (
			);
			name = BusLondon;
			productName = BusLondon;
			productReference = 870ABF4C19BC8037001B7D2E /* BusLondon.app */;
			productType = "com.apple.product-type.application";
		};
		870ABF6C19BC8038001B7D2E /* BusLondonTests */ = {
			isa = PBXNativeTarget;
			buildConfigurationList = 870ABF8119BC8038001B7D2E /* Build configuration list for PBXNativeTarget "BusLondonTests" */;
			buildPhases = (
				870ABF6919BC8038001B7D2E /* Sources */,
				870ABF6A19BC8038001B7D2E /* Frameworks */,
				870ABF6B19BC8038001B7D2E /* Resources */,
			);
			buildRules = (
			);
			dependencies = (
				870ABF7319BC8038001B7D2E /* PBXTargetDependency */,
			);
			name = BusLondonTests;
			productName = BusLondonTests;
			productReference = 870ABF6D19BC8038001B7D2E /* BusLondonTests.xctest */;
			productType = "com.apple.product-type.bundle.unit-test";
		};
/* End PBXNativeTarget section */

/* Begin PBXProject section */
		870ABF4419BC8037001B7D2E /* Project object */ = {
			isa = PBXProject;
			attributes = {
				LastUpgradeCheck = 0720;
				ORGANIZATIONNAME = "Rubén Albiach";
				TargetAttributes = {
					870ABF4B19BC8037001B7D2E = {
						DevelopmentTeam = 2R3P5YLY6U;
					};
					870ABF6C19BC8038001B7D2E = {
						TestTargetID = 870ABF4B19BC8037001B7D2E;
					};
				};
			};
			buildConfigurationList = 870ABF4719BC8037001B7D2E /* Build configuration list for PBXProject "BusLondon" */;
			compatibilityVersion = "Xcode 3.2";
			developmentRegion = English;
			hasScannedForEncodings = 0;
			knownRegions = (
				en,
				Base,
			);
			mainGroup = 870ABF4319BC8037001B7D2E;
			productRefGroup = 870ABF4D19BC8037001B7D2E /* Products */;
			projectDirPath = "";
			projectRoot = "";
			targets = (
				870ABF4B19BC8037001B7D2E /* BusLondon */,
				870ABF6C19BC8038001B7D2E /* BusLondonTests */,
			);
		};
/* End PBXProject section */

/* Begin PBXResourcesBuildPhase section */
		870ABF4A19BC8037001B7D2E /* Resources */ = {
			isa = PBXResourcesBuildPhase;
			buildActionMask = 2147483647;
			files = (
				87D93A4F1A2F9258009BF680 /* favouritesSelected@3.png in Resources */,
				87CB0B801A162E9100A09427 /* pinStopMap@2x.png in Resources */,
				870ABF6819BC8038001B7D2E /* Images.xcassets in Resources */,
				8790B26919C1C68B00BC1D63 /* redStopPointIndicator@2x.png in Resources */,
				87CB0B821A16399D00A09427 /* arrowRed@2x.png in Resources */,
				870ABF5A19BC8037001B7D2E /* InfoPlist.strings in Resources */,
				87D93A4E1A2F9258009BF680 /* favourites@3.png in Resources */,
				87CF03FD1A1CD4FD00F5F883 /* locationArrow@3x.png in Resources */,
				870ABF6319BC8037001B7D2E /* Main.storyboard in Resources */,
			);
			runOnlyForDeploymentPostprocessing = 0;
		};
		870ABF6B19BC8038001B7D2E /* Resources */ = {
			isa = PBXResourcesBuildPhase;
			buildActionMask = 2147483647;
			files = (
				870ABF7919BC8038001B7D2E /* InfoPlist.strings in Resources */,
			);
			runOnlyForDeploymentPostprocessing = 0;
		};
/* End PBXResourcesBuildPhase section */

/* Begin PBXSourcesBuildPhase section */
		870ABF4819BC8037001B7D2E /* Sources */ = {
			isa = PBXSourcesBuildPhase;
			buildActionMask = 2147483647;
			files = (
				874E8A601A24AFAD00536052 /* BusLondon.xcdatamodeld in Sources */,
				0CF8BA861C418CBF00506A91 /* StopService.m in Sources */,
				0C5C11E11C42821600FDD021 /* SBJsonUTF8Stream.m in Sources */,
				0C5C11DE1C42821600FDD021 /* SBJsonStreamWriterAccumulator.m in Sources */,
				8790B26F19C1C92B00BC1D63 /* StopViewCell.m in Sources */,
				8719FA601A29D65200BFB10A /* Stop.m in Sources */,
				0C5C11D71C42821600FDD021 /* NSObject+SBJson.m in Sources */,
				870ABF6019BC8037001B7D2E /* AppDelegate.m in Sources */,
				0CC77C601C41790D00A1E52C /* GenericService.m in Sources */,
				87CB0B851A1687E800A09427 /* Pin.m in Sources */,
				0C5C11DB1C42821600FDD021 /* SBJsonStreamParserAdapter.m in Sources */,
				0CABB8101C55685E00686364 /* BusRepository.m in Sources */,
				0CABB80D1C55605D00686364 /* GenericRepository.m in Sources */,
				0CF8BA8E1C41976A00506A91 /* MyStopsService.m in Sources */,
				0C5C11D91C42821600FDD021 /* SBJsonStreamParser.m in Sources */,
				0C5C11DC1C42821600FDD021 /* SBJsonStreamParserState.m in Sources */,
				0C5C11DA1C42821600FDD021 /* SBJsonStreamParserAccumulator.m in Sources */,
				0C5C11DF1C42821600FDD021 /* SBJsonStreamWriterState.m in Sources */,
				0C5C11E01C42821600FDD021 /* SBJsonTokeniser.m in Sources */,
				0CDCACC11C46F35C003B421C /* LineSequenceViewController.m in Sources */,
				8719FA5D1A29D62500BFB10A /* StopDAO.m in Sources */,
				870ABF5C19BC8037001B7D2E /* main.m in Sources */,
				0CF8BA891C418CFF00506A91 /* BusService.m in Sources */,
				8787CFF01A02CCC300332808 /* StopViewController.m in Sources */,
				0C5C11E21C42821600FDD021 /* SBJsonWriter.m in Sources */,
				0CABB8091C55601E00686364 /* StopRepository.m in Sources */,
				0C5C11DD1C42821600FDD021 /* SBJsonStreamWriter.m in Sources */,
				87ABF9FB1A2E6F29008A1C16 /* MyStopsViewController.m in Sources */,
				0C8D99841C552BE300692184 /* UrlUtil.m in Sources */,
				87588D901A07C2CA00242141 /* Bus.m in Sources */,
				0C5C11D81C42821600FDD021 /* SBJsonParser.m in Sources */,
				8787CFF31A02CCF300332808 /* BusViewCell.m in Sources */,
				870ABF8619BC8334001B7D2E /* NearStopsViewController.m in Sources */,
			);
			runOnlyForDeploymentPostprocessing = 0;
		};
		870ABF6919BC8038001B7D2E /* Sources */ = {
			isa = PBXSourcesBuildPhase;
			buildActionMask = 2147483647;
			files = (
				870ABF7B19BC8038001B7D2E /* BusLondonTests.m in Sources */,
			);
			runOnlyForDeploymentPostprocessing = 0;
		};
/* End PBXSourcesBuildPhase section */

/* Begin PBXTargetDependency section */
		870ABF7319BC8038001B7D2E /* PBXTargetDependency */ = {
			isa = PBXTargetDependency;
			target = 870ABF4B19BC8037001B7D2E /* BusLondon */;
			targetProxy = 870ABF7219BC8038001B7D2E /* PBXContainerItemProxy */;
		};
/* End PBXTargetDependency section */

/* Begin PBXVariantGroup section */
		870ABF5819BC8037001B7D2E /* InfoPlist.strings */ = {
			isa = PBXVariantGroup;
			children = (
				870ABF5919BC8037001B7D2E /* en */,
			);
			name = InfoPlist.strings;
			sourceTree = "<group>";
		};
		870ABF6119BC8037001B7D2E /* Main.storyboard */ = {
			isa = PBXVariantGroup;
			children = (
				870ABF6219BC8037001B7D2E /* Base */,
			);
			name = Main.storyboard;
			sourceTree = "<group>";
		};
		870ABF7719BC8038001B7D2E /* InfoPlist.strings */ = {
			isa = PBXVariantGroup;
			children = (
				870ABF7819BC8038001B7D2E /* en */,
			);
			name = InfoPlist.strings;
			sourceTree = "<group>";
		};
/* End PBXVariantGroup section */

/* Begin XCBuildConfiguration section */
		870ABF7C19BC8038001B7D2E /* Debug */ = {
			isa = XCBuildConfiguration;
			buildSettings = {
				ALWAYS_SEARCH_USER_PATHS = NO;
				CLANG_CXX_LANGUAGE_STANDARD = "gnu++0x";
				CLANG_CXX_LIBRARY = "libc++";
				CLANG_ENABLE_MODULES = YES;
				CLANG_ENABLE_OBJC_ARC = YES;
				CLANG_WARN_BOOL_CONVERSION = YES;
				CLANG_WARN_CONSTANT_CONVERSION = YES;
				CLANG_WARN_DIRECT_OBJC_ISA_USAGE = YES_ERROR;
				CLANG_WARN_EMPTY_BODY = YES;
				CLANG_WARN_ENUM_CONVERSION = YES;
				CLANG_WARN_INT_CONVERSION = YES;
				CLANG_WARN_OBJC_ROOT_CLASS = YES_ERROR;
				CLANG_WARN__DUPLICATE_METHOD_MATCH = YES;
				"CODE_SIGN_IDENTITY[sdk=iphoneos*]" = "iPhone Developer";
				COPY_PHASE_STRIP = NO;
				ENABLE_TESTABILITY = YES;
				GCC_C_LANGUAGE_STANDARD = gnu99;
				GCC_DYNAMIC_NO_PIC = NO;
				GCC_OPTIMIZATION_LEVEL = 0;
				GCC_PREPROCESSOR_DEFINITIONS = (
					"DEBUG=1",
					"$(inherited)",
				);
				GCC_SYMBOLS_PRIVATE_EXTERN = NO;
				GCC_WARN_64_TO_32_BIT_CONVERSION = YES;
				GCC_WARN_ABOUT_RETURN_TYPE = YES_ERROR;
				GCC_WARN_UNDECLARED_SELECTOR = YES;
				GCC_WARN_UNINITIALIZED_AUTOS = YES_AGGRESSIVE;
				GCC_WARN_UNUSED_FUNCTION = YES;
				GCC_WARN_UNUSED_VARIABLE = YES;
				IPHONEOS_DEPLOYMENT_TARGET = 7.0;
				ONLY_ACTIVE_ARCH = YES;
				SDKROOT = iphoneos;
			};
			name = Debug;
		};
		870ABF7D19BC8038001B7D2E /* Release */ = {
			isa = XCBuildConfiguration;
			buildSettings = {
				ALWAYS_SEARCH_USER_PATHS = NO;
				CLANG_CXX_LANGUAGE_STANDARD = "gnu++0x";
				CLANG_CXX_LIBRARY = "libc++";
				CLANG_ENABLE_MODULES = YES;
				CLANG_ENABLE_OBJC_ARC = YES;
				CLANG_WARN_BOOL_CONVERSION = YES;
				CLANG_WARN_CONSTANT_CONVERSION = YES;
				CLANG_WARN_DIRECT_OBJC_ISA_USAGE = YES_ERROR;
				CLANG_WARN_EMPTY_BODY = YES;
				CLANG_WARN_ENUM_CONVERSION = YES;
				CLANG_WARN_INT_CONVERSION = YES;
				CLANG_WARN_OBJC_ROOT_CLASS = YES_ERROR;
				CLANG_WARN__DUPLICATE_METHOD_MATCH = YES;
				"CODE_SIGN_IDENTITY[sdk=iphoneos*]" = "iPhone Developer";
				COPY_PHASE_STRIP = YES;
				ENABLE_NS_ASSERTIONS = NO;
				GCC_C_LANGUAGE_STANDARD = gnu99;
				GCC_WARN_64_TO_32_BIT_CONVERSION = YES;
				GCC_WARN_ABOUT_RETURN_TYPE = YES_ERROR;
				GCC_WARN_UNDECLARED_SELECTOR = YES;
				GCC_WARN_UNINITIALIZED_AUTOS = YES_AGGRESSIVE;
				GCC_WARN_UNUSED_FUNCTION = YES;
				GCC_WARN_UNUSED_VARIABLE = YES;
				IPHONEOS_DEPLOYMENT_TARGET = 7.0;
				SDKROOT = iphoneos;
				VALIDATE_PRODUCT = YES;
			};
			name = Release;
		};
		870ABF7F19BC8038001B7D2E /* Debug */ = {
			isa = XCBuildConfiguration;
			buildSettings = {
				ASSETCATALOG_COMPILER_APPICON_NAME = AppIcon;
				ASSETCATALOG_COMPILER_LAUNCHIMAGE_NAME = LaunchImage;
				CODE_SIGN_IDENTITY = "iPhone Developer";
				"CODE_SIGN_IDENTITY[sdk=iphoneos*]" = "iPhone Developer";
				GCC_PRECOMPILE_PREFIX_HEADER = YES;
				GCC_PREFIX_HEADER = "BusLondon/BusLondon-Prefix.pch";
				INFOPLIST_FILE = "BusLondon/BusLondon-Info.plist";
				IPHONEOS_DEPLOYMENT_TARGET = 7.0;
				PRODUCT_BUNDLE_IDENTIFIER = "com.rubenalbi.${PRODUCT_NAME:rfc1034identifier}";
				PRODUCT_NAME = "$(TARGET_NAME)";
				PROVISIONING_PROFILE = "";
				WRAPPER_EXTENSION = app;
			};
			name = Debug;
		};
		870ABF8019BC8038001B7D2E /* Release */ = {
			isa = XCBuildConfiguration;
			buildSettings = {
				ASSETCATALOG_COMPILER_APPICON_NAME = AppIcon;
				ASSETCATALOG_COMPILER_LAUNCHIMAGE_NAME = LaunchImage;
				CODE_SIGN_IDENTITY = "iPhone Developer";
				"CODE_SIGN_IDENTITY[sdk=iphoneos*]" = "iPhone Developer";
				GCC_PRECOMPILE_PREFIX_HEADER = YES;
				GCC_PREFIX_HEADER = "BusLondon/BusLondon-Prefix.pch";
				INFOPLIST_FILE = "BusLondon/BusLondon-Info.plist";
				IPHONEOS_DEPLOYMENT_TARGET = 7.0;
				PRODUCT_BUNDLE_IDENTIFIER = "com.rubenalbi.${PRODUCT_NAME:rfc1034identifier}";
				PRODUCT_NAME = "$(TARGET_NAME)";
				PROVISIONING_PROFILE = "";
				WRAPPER_EXTENSION = app;
			};
			name = Release;
		};
		870ABF8219BC8038001B7D2E /* Debug */ = {
			isa = XCBuildConfiguration;
			buildSettings = {
				BUNDLE_LOADER = "$(TEST_HOST)";
				FRAMEWORK_SEARCH_PATHS = (
					"$(SDKROOT)/Developer/Library/Frameworks",
					"$(inherited)",
					"$(DEVELOPER_FRAMEWORKS_DIR)",
				);
				GCC_PRECOMPILE_PREFIX_HEADER = YES;
				GCC_PREFIX_HEADER = "BusLondon/BusLondon-Prefix.pch";
				GCC_PREPROCESSOR_DEFINITIONS = (
					"DEBUG=1",
					"$(inherited)",
				);
				INFOPLIST_FILE = "BusLondonTests/BusLondonTests-Info.plist";
				PRODUCT_BUNDLE_IDENTIFIER = "com.rubenalbi.${PRODUCT_NAME:rfc1034identifier}";
				PRODUCT_NAME = "$(TARGET_NAME)";
				TEST_HOST = "$(BUILT_PRODUCTS_DIR)/BusLondon.app/BusLondon";
				WRAPPER_EXTENSION = xctest;
			};
			name = Debug;
		};
		870ABF8319BC8038001B7D2E /* Release */ = {
			isa = XCBuildConfiguration;
			buildSettings = {
				BUNDLE_LOADER = "$(TEST_HOST)";
				FRAMEWORK_SEARCH_PATHS = (
					"$(SDKROOT)/Developer/Library/Frameworks",
					"$(inherited)",
					"$(DEVELOPER_FRAMEWORKS_DIR)",
				);
				GCC_PRECOMPILE_PREFIX_HEADER = YES;
				GCC_PREFIX_HEADER = "BusLondon/BusLondon-Prefix.pch";
				INFOPLIST_FILE = "BusLondonTests/BusLondonTests-Info.plist";
				PRODUCT_BUNDLE_IDENTIFIER = "com.rubenalbi.${PRODUCT_NAME:rfc1034identifier}";
				PRODUCT_NAME = "$(TARGET_NAME)";
				TEST_HOST = "$(BUILT_PRODUCTS_DIR)/BusLondon.app/BusLondon";
				WRAPPER_EXTENSION = xctest;
			};
			name = Release;
		};
/* End XCBuildConfiguration section */

/* Begin XCConfigurationList section */
		870ABF4719BC8037001B7D2E /* Build configuration list for PBXProject "BusLondon" */ = {
			isa = XCConfigurationList;
			buildConfigurations = (
				870ABF7C19BC8038001B7D2E /* Debug */,
				870ABF7D19BC8038001B7D2E /* Release */,
			);
			defaultConfigurationIsVisible = 0;
			defaultConfigurationName = Release;
		};
		870ABF7E19BC8038001B7D2E /* Build configuration list for PBXNativeTarget "BusLondon" */ = {
			isa = XCConfigurationList;
			buildConfigurations = (
				870ABF7F19BC8038001B7D2E /* Debug */,
				870ABF8019BC8038001B7D2E /* Release */,
			);
			defaultConfigurationIsVisible = 0;
			defaultConfigurationName = Release;
		};
		870ABF8119BC8038001B7D2E /* Build configuration list for PBXNativeTarget "BusLondonTests" */ = {
			isa = XCConfigurationList;
			buildConfigurations = (
				870ABF8219BC8038001B7D2E /* Debug */,
				870ABF8319BC8038001B7D2E /* Release */,
			);
			defaultConfigurationIsVisible = 0;
			defaultConfigurationName = Release;
		};
/* End XCConfigurationList section */

/* Begin XCVersionGroup section */
		874E8A5E1A24AFAD00536052 /* BusLondon.xcdatamodeld */ = {
			isa = XCVersionGroup;
			children = (
				874E8A5F1A24AFAD00536052 /* BusLondon.xcdatamodel */,
			);
			currentVersion = 874E8A5F1A24AFAD00536052 /* BusLondon.xcdatamodel */;
			path = BusLondon.xcdatamodeld;
			sourceTree = "<group>";
			versionGroupType = wrapper.xcdatamodel;
		};
/* End XCVersionGroup section */
	};
	rootObject = 870ABF4419BC8037001B7D2E /* Project object */;
}
